
Microsoft Visual Studio Solution File, Format Version 12.00
# Visual Studio Version 16
VisualStudioVersion = 16.0.32126.315
MinimumVisualStudioVersion = 10.0.40219.1
Project("{FAE04EC0-301F-11D3-BF4B-00C04F79EFBC}") = "FIC.LD.TrainingEvaluation.SP.Solution.Helper", "FIC.LD.TrainingEvaluation.SP.Solution.Helper\FIC.LD.TrainingEvaluation.SP.Solution.Helper.csproj", "{5282129A-742B-4EDA-8695-E08764DC45F9}"
EndProject
Project("{FAE04EC0-301F-11D3-BF4B-00C04F79EFBC}") = "FIC.LD.TrainingEvaluation.SP.Solution", "FIC.LD.TrainingEvaluation.SP.Solution\FIC.LD.TrainingEvaluation.SP.Solution.csproj", "{52F04242-FE8C-4074-9294-16449E078850}"
EndProject
Global
	GlobalSection(SolutionConfigurationPlatforms) = preSolution
		Debug|Any CPU = Debug|Any CPU
		Release|Any CPU = Release|Any CPU
	EndGlobalSection
	GlobalSection(ProjectConfigurationPlatforms) = postSolution
		{5282129A-742B-4EDA-8695-E08764DC45F9}.Debug|Any CPU.ActiveCfg = Debug|Any CPU
		{5282129A-742B-4EDA-8695-E08764DC45F9}.Debug|Any CPU.Build.0 = Debug|Any CPU
		{5282129A-742B-4EDA-8695-E08764DC45F9}.Release|Any CPU.ActiveCfg = Release|Any CPU
		{5282129A-742B-4EDA-8695-E08764DC45F9}.Release|Any CPU.Build.0 = Release|Any CPU
		{52F04242-FE8C-4074-9294-16449E078850}.Debug|Any CPU.ActiveCfg = Debug|Any CPU
		{52F04242-FE8C-4074-9294-16449E078850}.Debug|Any CPU.Build.0 = Debug|Any CPU
		{52F04242-FE8C-4074-9294-16449E078850}.Release|Any CPU.ActiveCfg = Release|Any CPU
		{52F04242-FE8C-4074-9294-16449E078850}.Release|Any CPU.Build.0 = Release|Any CPU
	EndGlobalSection
	GlobalSection(SolutionProperties) = preSolution
		HideSolutionNode = FALSE
	EndGlobalSection
	GlobalSection(ExtensibilityGlobals) = postSolution
		SolutionGuid = {39F33968-198C-46E3-9772-F49F89CDD02C}
	EndGlobalSection
EndGlobal
